// !$*UTF8*$!
{
	archiveVersion = 1;
	classes = {
	};
	objectVersion = 46;
	objects = {

/* Begin PBXBuildFile section */
		F7CFA18C1E2E9EAF00B74D79 /* AppDelegate.swift in Sources */ = {isa = PBXBuildFile; fileRef = F7CFA18B1E2E9EAF00B74D79 /* AppDelegate.swift */; };
		F7CFA18E1E2E9EAF00B74D79 /* ViewController.swift in Sources */ = {isa = PBXBuildFile; fileRef = F7CFA18D1E2E9EAF00B74D79 /* ViewController.swift */; };
		F7CFA1911E2E9EB000B74D79 /* Main.storyboard in Resources */ = {isa = PBXBuildFile; fileRef = F7CFA18F1E2E9EB000B74D79 /* Main.storyboard */; };
		F7CFA1931E2E9EB200B74D79 /* Assets.xcassets in Resources */ = {isa = PBXBuildFile; fileRef = F7CFA1921E2E9EB200B74D79 /* Assets.xcassets */; };
		F7CFA1961E2E9EB200B74D79 /* LaunchScreen.storyboard in Resources */ = {isa = PBXBuildFile; fileRef = F7CFA1941E2E9EB200B74D79 /* LaunchScreen.storyboard */; };
		F7CFA1A01E2EA0EA00B74D79 /* FirstTabViewController.swift in Sources */ = {isa = PBXBuildFile; fileRef = F7CFA19F1E2EA0EA00B74D79 /* FirstTabViewController.swift */; };
		F7CFA1A21E2EA11E00B74D79 /* SecondTabViewController.swift in Sources */ = {isa = PBXBuildFile; fileRef = F7CFA1A11E2EA11E00B74D79 /* SecondTabViewController.swift */; };
		F7CFA1A61E2EA2C800B74D79 /* ico_home@2x.png in Resources */ = {isa = PBXBuildFile; fileRef = F7CFA1A41E2EA2C800B74D79 /* ico_home@2x.png */; };
		F7CFA1A71E2EA2C900B74D79 /* ico_home@3x.png in Resources */ = {isa = PBXBuildFile; fileRef = F7CFA1A51E2EA2C800B74D79 /* ico_home@3x.png */; };
		F7CFA1AA1E2EA35900B74D79 /* ico_search@2x.png in Resources */ = {isa = PBXBuildFile; fileRef = F7CFA1A81E2EA35900B74D79 /* ico_search@2x.png */; };
		F7CFA1AB1E2EA35900B74D79 /* ico_search@3x.png in Resources */ = {isa = PBXBuildFile; fileRef = F7CFA1A91E2EA35900B74D79 /* ico_search@3x.png */; };
/* End PBXBuildFile section */

/* Begin PBXFileReference section */
		F7CFA1881E2E9EAD00B74D79 /* UITabBarApp.app */ = {isa = PBXFileReference; explicitFileType = wrapper.application; includeInIndex = 0; path = UITabBarApp.app; sourceTree = BUILT_PRODUCTS_DIR; };
		F7CFA18B1E2E9EAF00B74D79 /* AppDelegate.swift */ = {isa = PBXFileReference; lastKnownFileType = sourcecode.swift; path = AppDelegate.swift; sourceTree = "<group>"; };
		F7CFA18D1E2E9EAF00B74D79 /* ViewController.swift */ = {isa = PBXFileReference; lastKnownFileType = sourcecode.swift; path = ViewController.swift; sourceTree = "<group>"; };
		F7CFA1901E2E9EB000B74D79 /* Base */ = {isa = PBXFileReference; lastKnownFileType = file.storyboard; name = Base; path = Base.lproj/Main.storyboard; sourceTree = "<group>"; };
		F7CFA1921E2E9EB200B74D79 /* Assets.xcassets */ = {isa = PBXFileReference; lastKnownFileType = folder.assetcatalog; path = Assets.xcassets; sourceTree = "<group>"; };
		F7CFA1951E2E9EB200B74D79 /* Base */ = {isa = PBXFileReference; lastKnownFileType = file.storyboard; name = Base; path = Base.lproj/LaunchScreen.storyboard; sourceTree = "<group>"; };
		F7CFA1971E2E9EB200B74D79 /* Info.plist */ = {isa = PBXFileReference; lastKnownFileType = text.plist.xml; path = Info.plist; sourceTree = "<group>"; };
		F7CFA19F1E2EA0EA00B74D79 /* FirstTabViewController.swift */ = {isa = PBXFileReference; fileEncoding = 4; lastKnownFileType = sourcecode.swift; name = FirstTabViewController.swift; path = ../FirstTabViewController.swift; sourceTree = "<group>"; };
		F7CFA1A11E2EA11E00B74D79 /* SecondTabViewController.swift */ = {isa = PBXFileReference; fileEncoding = 4; lastKnownFileType = sourcecode.swift; path = SecondTabViewController.swift; sourceTree = "<group>"; };
		F7CFA1A41E2EA2C800B74D79 /* ico_home@2x.png */ = {isa = PBXFileReference; lastKnownFileType = image.png; path = "ico_home@2x.png"; sourceTree = "<group>"; };
		F7CFA1A51E2EA2C800B74D79 /* ico_home@3x.png */ = {isa = PBXFileReference; lastKnownFileType = image.png; path = "ico_home@3x.png"; sourceTree = "<group>"; };
		F7CFA1A81E2EA35900B74D79 /* ico_search@2x.png */ = {isa = PBXFileReference; lastKnownFileType = image.png; path = "ico_search@2x.png"; sourceTree = "<group>"; };
		F7CFA1A91E2EA35900B74D79 /* ico_search@3x.png */ = {isa = PBXFileReference; lastKnownFileType = image.png; path = "ico_search@3x.png"; sourceTree = "<group>"; };
/* End PBXFileReference section */

/* Begin PBXFrameworksBuildPhase section */
		F7CFA1851E2E9EAD00B74D79 /* Frameworks */ = {
			isa = PBXFrameworksBuildPhase;
			buildActionMask = 2147483647;
			files = (
			);
			runOnlyForDeploymentPostprocessing = 0;
		};
/* End PBXFrameworksBuildPhase section */

/* Begin PBXGroup section */
		F7CFA17F1E2E9EAB00B74D79 = {
			isa = PBXGroup;
			children = (
				F7CFA18A1E2E9EAE00B74D79 /* UITabBarApp */,
				F7CFA1891E2E9EAD00B74D79 /* Products */,
			);
			sourceTree = "<group>";
		};
		F7CFA1891E2E9EAD00B74D79 /* Products */ = {
			isa = PBXGroup;
			children = (
				F7CFA1881E2E9EAD00B74D79 /* UITabBarApp.app */,
			);
			name = Products;
			sourceTree = "<group>";
		};
		F7CFA18A1E2E9EAE00B74D79 /* UITabBarApp */ = {
			isa = PBXGroup;
			children = (
				F7CFA1A31E2EA25400B74D79 /* images */,
				F7CFA18B1E2E9EAF00B74D79 /* AppDelegate.swift */,
				F7CFA19F1E2EA0EA00B74D79 /* FirstTabViewController.swift */,
				F7CFA18D1E2E9EAF00B74D79 /* ViewController.swift */,
				F7CFA18F1E2E9EB000B74D79 /* Main.storyboard */,
				F7CFA1921E2E9EB200B74D79 /* Assets.xcassets */,
				F7CFA1941E2E9EB200B74D79 /* LaunchScreen.storyboard */,
				F7CFA1971E2E9EB200B74D79 /* Info.plist */,
				F7CFA1A11E2EA11E00B74D79 /* SecondTabViewController.swift */,
			);
			path = UITabBarApp;
			sourceTree = "<group>";
		};
		F7CFA1A31E2EA25400B74D79 /* images */ = {
			isa = PBXGroup;
			children = (
				F7CFA1A81E2EA35900B74D79 /* ico_search@2x.png */,
				F7CFA1A91E2EA35900B74D79 /* ico_search@3x.png */,
				F7CFA1A41E2EA2C800B74D79 /* ico_home@2x.png */,
				F7CFA1A51E2EA2C800B74D79 /* ico_home@3x.png */,
			);
			name = images;
			sourceTree = "<group>";
		};
/* End PBXGroup section */

/* Begin PBXNativeTarget section */
		F7CFA1871E2E9EAD00B74D79 /* UITabBarApp */ = {
			isa = PBXNativeTarget;
			buildConfigurationList = F7CFA19A1E2E9EB200B74D79 /* Build configuration list for PBXNativeTarget "UITabBarApp" */;
			buildPhases = (
				F7CFA1841E2E9EAD00B74D79 /* Sources */,
				F7CFA1851E2E9EAD00B74D79 /* Frameworks */,
				F7CFA1861E2E9EAD00B74D79 /* Resources */,
			);
			buildRules = (
			);
			dependencies = (
			);
			name = UITabBarApp;
			productName = UITabBarApp;
			productReference = F7CFA1881E2E9EAD00B74D79 /* UITabBarApp.app */;
			productType = "com.apple.product-type.application";
		};
/* End PBXNativeTarget section */

/* Begin PBXProject section */
		F7CFA1801E2E9EAB00B74D79 /* Project object */ = {
			isa = PBXProject;
			attributes = {
				LastSwiftUpdateCheck = 0810;
				LastUpgradeCheck = 0810;
				ORGANIZATIONNAME = "Shrawan Shinde";
				TargetAttributes = {
					F7CFA1871E2E9EAD00B74D79 = {
						CreatedOnToolsVersion = 8.1;
						ProvisioningStyle = Automatic;
					};
				};
			};
			buildConfigurationList = F7CFA1831E2E9EAB00B74D79 /* Build configuration list for PBXProject "UITabBarApp" */;
			compatibilityVersion = "Xcode 3.2";
			developmentRegion = English;
			hasScannedForEncodings = 0;
			knownRegions = (
				en,
				Base,
			);
			mainGroup = F7CFA17F1E2E9EAB00B74D79;
			productRefGroup = F7CFA1891E2E9EAD00B74D79 /* Products */;
			projectDirPath = "";
			projectRoot = "";
			targets = (
				F7CFA1871E2E9EAD00B74D79 /* UITabBarApp */,
			);
		};
/* End PBXProject section */

/* Begin PBXResourcesBuildPhase section */
		F7CFA1861E2E9EAD00B74D79 /* Resources */ = {
			isa = PBXResourcesBuildPhase;
			buildActionMask = 2147483647;
			files = (
				F7CFA1961E2E9EB200B74D79 /* LaunchScreen.storyboard in Resources */,
				F7CFA1931E2E9EB200B74D79 /* Assets.xcassets in Resources */,
				F7CFA1AB1E2EA35900B74D79 /* ico_search@3x.png in Resources */,
				F7CFA1AA1E2EA35900B74D79 /* ico_search@2x.png in Resources */,
				F7CFA1A71E2EA2C900B74D79 /* ico_home@3x.png in Resources */,
				F7CFA1911E2E9EB000B74D79 /* Main.storyboard in Resources */,
				F7CFA1A61E2EA2C800B74D79 /* ico_home@2x.png in Resources */,
			);
			runOnlyForDeploymentPostprocessing = 0;
		};
/* End PBXResourcesBuildPhase section */

/* Begin PBXSourcesBuildPhase section */
		F7CFA1841E2E9EAD00B74D79 /* Sources */ = {
			isa = PBXSourcesBuildPhase;
			buildActionMask = 2147483647;
			files = (
				F7CFA1A01E2EA0EA00B74D79 /* FirstTabViewController.swift in Sources */,
				F7CFA18E1E2E9EAF00B74D79 /* ViewController.swift in Sources */,
				F7CFA1A21E2EA11E00B74D79 /* SecondTabViewController.swift in Sources */,
				F7CFA18C1E2E9EAF00B74D79 /* AppDelegate.swift in Sources */,
			);
			runOnlyForDeploymentPostprocessing = 0;
		};
/* End PBXSourcesBuildPhase section */

/* Begin PBXVariantGroup section */
		F7CFA18F1E2E9EB000B74D79 /* Main.storyboard */ = {
			isa = PBXVariantGroup;
			children = (
				F7CFA1901E2E9EB000B74D79 /* Base */,
			);
			name = Main.storyboard;
			sourceTree = "<group>";
		};
		F7CFA1941E2E9EB200B74D79 /* LaunchScreen.storyboard */ = {
			isa = PBXVariantGroup;
			children = (
				F7CFA1951E2E9EB200B74D79 /* Base */,
			);
			name = LaunchScreen.storyboard;
			sourceTree = "<group>";
		};
/* End PBXVariantGroup section */

/* Begin XCBuildConfiguration section */
		F7CFA1981E2E9EB200B74D79 /* Debug */ = {
			isa = XCBuildConfiguration;
			buildSettings = {
				ALWAYS_SEARCH_USER_PATHS = NO;
				CLANG_ANALYZER_NONNULL = YES;
				CLANG_CXX_LANGUAGE_STANDARD = "gnu++0x";
				CLANG_CXX_LIBRARY = "libc++";
				CLANG_ENABLE_MODULES = YES;
				CLANG_ENABLE_OBJC_ARC = YES;
				CLANG_WARN_BOOL_CONVERSION = YES;
				CLANG_WARN_CONSTANT_CONVERSION = YES;
				CLANG_WARN_DIRECT_OBJC_ISA_USAGE = YES_ERROR;
				CLANG_WARN_DOCUMENTATION_COMMENTS = YES;
				CLANG_WARN_EMPTY_BODY = YES;
				CLANG_WARN_ENUM_CONVERSION = YES;
				CLANG_WARN_INFINITE_RECURSION = YES;
				CLANG_WARN_INT_CONVERSION = YES;
				CLANG_WARN_OBJC_ROOT_CLASS = YES_ERROR;
				CLANG_WARN_SUSPICIOUS_MOVES = YES;
				CLANG_WARN_UNREACHABLE_CODE = YES;
				CLANG_WARN__DUPLICATE_METHOD_MATCH = YES;
				"CODE_SIGN_IDENTITY[sdk=iphoneos*]" = "iPhone Developer";
				COPY_PHASE_STRIP = NO;
				DEBUG_INFORMATION_FORMAT = dwarf;
				ENABLE_STRICT_OBJC_MSGSEND = YES;
				ENABLE_TESTABILITY = YES;
				GCC_C_LANGUAGE_STANDARD = gnu99;
				GCC_DYNAMIC_NO_PIC = NO;
				GCC_NO_COMMON_BLOCKS = YES;
				GCC_OPTIMIZATION_LEVEL = 0;
				GCC_PREPROCESSOR_DEFINITIONS = (
					"DEBUG=1",
					"$(inherited)",
				);
				GCC_WARN_64_TO_32_BIT_CONVERSION = YES;
				GCC_WARN_ABOUT_RETURN_TYPE = YES_ERROR;
				GCC_WARN_UNDECLARED_SELECTOR = YES;
				GCC_WARN_UNINITIALIZED_AUTOS = YES_AGGRESSIVE;
				GCC_WARN_UNUSED_FUNCTION = YES;
				GCC_WARN_UNUSED_VARIABLE = YES;
				IPHONEOS_DEPLOYMENT_TARGET = 10.1;
				MTL_ENABLE_DEBUG_INFO = YES;
				ONLY_ACTIVE_ARCH = YES;
				SDKROOT = iphoneos;
				SWIFT_ACTIVE_COMPILATION_CONDITIONS = DEBUG;
				SWIFT_OPTIMIZATION_LEVEL = "-Onone";
				TARGETED_DEVICE_FAMILY = "1,2";
			};
			name = Debug;
		};
		F7CFA1991E2E9EB200B74D79 /* Release */ = {
			isa = XCBuildConfiguration;
			buildSettings = {
				ALWAYS_SEARCH_USER_PATHS = NO;
				CLANG_ANALYZER_NONNULL = YES;
				CLANG_CXX_LANGUAGE_STANDARD = "gnu++0x";
				CLANG_CXX_LIBRARY = "libc++";
				CLANG_ENABLE_MODULES = YES;
				CLANG_ENABLE_OBJC_ARC = YES;
				CLANG_WARN_BOOL_CONVERSION = YES;
				CLANG_WARN_CONSTANT_CONVERSION = YES;
				CLANG_WARN_DIRECT_OBJC_ISA_USAGE = YES_ERROR;
				CLANG_WARN_DOCUMENTATION_COMMENTS = YES;
				CLANG_WARN_EMPTY_BODY = YES;
				CLANG_WARN_ENUM_CONVERSION = YES;
				CLANG_WARN_INFINITE_RECURSION = YES;
				CLANG_WARN_INT_CONVERSION = YES;
				CLANG_WARN_OBJC_ROOT_CLASS = YES_ERROR;
				CLANG_WARN_SUSPICIOUS_MOVES = YES;
				CLANG_WARN_UNREACHABLE_CODE = YES;
				CLANG_WARN__DUPLICATE_METHOD_MATCH = YES;
				"CODE_SIGN_IDENTITY[sdk=iphoneos*]" = "iPhone Developer";
				COPY_PHASE_STRIP = NO;
				DEBUG_INFORMATION_FORMAT = "dwarf-with-dsym";
				ENABLE_NS_ASSERTIONS = NO;
				ENABLE_STRICT_OBJC_MSGSEND = YES;
				GCC_C_LANGUAGE_STANDARD = gnu99;
				GCC_NO_COMMON_BLOCKS = YES;
				GCC_WARN_64_TO_32_BIT_CONVERSION = YES;
				GCC_WARN_ABOUT_RETURN_TYPE = YES_ERROR;
				GCC_WARN_UNDECLARED_SELECTOR = YES;
				GCC_WARN_UNINITIALIZED_AUTOS = YES_AGGRESSIVE;
				GCC_WARN_UNUSED_FUNCTION = YES;
				GCC_WARN_UNUSED_VARIABLE = YES;
				IPHONEOS_DEPLOYMENT_TARGET = 10.1;
				MTL_ENABLE_DEBUG_INFO = NO;
				SDKROOT = iphoneos;
				SWIFT_OPTIMIZATION_LEVEL = "-Owholemodule";
				TARGETED_DEVICE_FAMILY = "1,2";
				VALIDATE_PRODUCT = YES;
			};
			name = Release;
		};
		F7CFA19B1E2E9EB200B74D79 /* Debug */ = {
			isa = XCBuildConfiguration;
			buildSettings = {
				ASSETCATALOG_COMPILER_APPICON_NAME = AppIcon;
				INFOPLIST_FILE = UITabBarApp/Info.plist;
				LD_RUNPATH_SEARCH_PATHS = "$(inherited) @executable_path/Frameworks";
				PRODUCT_BUNDLE_IDENTIFIER = shrawan.UITabBarApp;
				PRODUCT_NAME = "$(TARGET_NAME)";
				SWIFT_VERSION = 3.0;
			};
			name = Debug;
		};
		F7CFA19C1E2E9EB200B74D79 /* Release */ = {
			isa = XCBuildConfiguration;
			buildSettings = {
				ASSETCATALOG_COMPILER_APPICON_NAME = AppIcon;
				INFOPLIST_FILE = UITabBarApp/Info.plist;
				LD_RUNPATH_SEARCH_PATHS = "$(inherited) @executable_path/Frameworks";
				PRODUCT_BUNDLE_IDENTIFIER = shrawan.UITabBarApp;
				PRODUCT_NAME = "$(TARGET_NAME)";
				SWIFT_VERSION = 3.0;
			};
			name = Release;
		};
/* End XCBuildConfiguration section */

/* Begin XCConfigurationList section */
		F7CFA1831E2E9EAB00B74D79 /* Build configuration list for PBXProject "UITabBarApp" */ = {
			isa = XCConfigurationList;
			buildConfigurations = (
				F7CFA1981E2E9EB200B74D79 /* Debug */,
				F7CFA1991E2E9EB200B74D79 /* Release */,
			);
			defaultConfigurationIsVisible = 0;
			defaultConfigurationName = Release;
		};
		F7CFA19A1E2E9EB200B74D79 /* Build configuration list for PBXNativeTarget "UITabBarApp" */ = {
			isa = XCConfigurationList;
			buildConfigurations = (
				F7CFA19B1E2E9EB200B74D79 /* Debug */,
				F7CFA19C1E2E9EB200B74D79 /* Release */,
			);
			defaultConfigurationIsVisible = 0;
		};
/* End XCConfigurationList section */
	};
	rootObject = F7CFA1801E2E9EAB00B74D79 /* Project object */;
}
